
Microsoft Visual Studio Solution File, Format Version 12.00
# Visual Studio Version 17
VisualStudioVersion = 17.2.32630.192
MinimumVisualStudioVersion = 10.0.40219.1
Project("{FAE04EC0-301F-11D3-BF4B-00C04F79EFBC}") = "DS2022_30442_Presecan_Alexandru_Assignment_3", "DS2022_30442_Presecan_Alexandru_Assignment_3.csproj", "{43FDC295-3427-4949-82E2-DCC8C816CE81}"
EndProject
Global
	GlobalSection(SolutionConfigurationPlatforms) = preSolution
		Debug|Any CPU = Debug|Any CPU
		Release|Any CPU = Release|Any CPU
	EndGlobalSection
	GlobalSection(ProjectConfigurationPlatforms) = postSolution
		{43FDC295-3427-4949-82E2-DCC8C816CE81}.Debug|Any CPU.ActiveCfg = Debug|Any CPU
		{43FDC295-3427-4949-82E2-DCC8C816CE81}.Debug|Any CPU.Build.0 = Debug|Any CPU
		{43FDC295-3427-4949-82E2-DCC8C816CE81}.Release|Any CPU.ActiveCfg = Release|Any CPU
		{43FDC295-3427-4949-82E2-DCC8C816CE81}.Release|Any CPU.Build.0 = Release|Any CPU
	EndGlobalSection
	GlobalSection(SolutionProperties) = preSolution
		HideSolutionNode = FALSE
	EndGlobalSection
	GlobalSection(ExtensibilityGlobals) = postSolution
		SolutionGuid = {E82968D5-F877-449C-8E3D-EAA8B50E525C}
	EndGlobalSection
EndGlobal
